
Microsoft Visual Studio Solution File, Format Version 12.00
# Visual Studio Version 17
VisualStudioVersion = 17.9.34714.143
MinimumVisualStudioVersion = 10.0.40219.1
Project("{2150E333-8FDC-42A3-9474-1A3956D46DE8}") = "src", "src", "{7A66FF78-025E-4439-AC2D-C188CF018DC7}"
EndProject
Project("{2150E333-8FDC-42A3-9474-1A3956D46DE8}") = "global", "global", "{3BCA2858-BF59-4862-B3BA-9D9E7F162F18}"
EndProject
Project("{2150E333-8FDC-42A3-9474-1A3956D46DE8}") = "test", "test", "{EE825A7B-45C4-480A-A6AC-8536F6B02AD1}"
EndProject
Project("{2150E333-8FDC-42A3-9474-1A3956D46DE8}") = "gateways", "gateways", "{E69F9CEE-AB3D-4AD5-8CBD-349C02C8FB65}"
EndProject
Project("{2150E333-8FDC-42A3-9474-1A3956D46DE8}") = "services", "services", "{380F6138-4E86-4447-8CCF-1E9D2CF76FE3}"
EndProject
Project("{2150E333-8FDC-42A3-9474-1A3956D46DE8}") = "middlewares", "middlewares", "{C75C56FA-3945-4C4A-B134-7D21AB1B7DAD}"
EndProject
Project("{2150E333-8FDC-42A3-9474-1A3956D46DE8}") = "uis", "uis", "{C413BE56-A48B-4BBD-BD2A-2F6F3245ECD2}"
EndProject
Project("{9A19103F-16F7-4668-BE54-9A1E7A4F7556}") = "ECourse.Services.AuthAPI", "ECourse.Services.AuthAPI\ECourse.Services.AuthAPI.csproj", "{E66AADCC-5C59-4417-A53B-94FDCADD6C79}"
EndProject
Project("{9A19103F-16F7-4668-BE54-9A1E7A4F7556}") = "ECourse.Services.OrderAPI", "ECourse.Services.OrderAPI\ECourse.Services.OrderAPI.csproj", "{0B74E97F-ED93-46B4-B31D-FCFFC73C8663}"
EndProject
Project("{9A19103F-16F7-4668-BE54-9A1E7A4F7556}") = "ECourse.Services.BlogAPI", "ECourse.Services.BlogAPI\ECourse.Services.BlogAPI.csproj", "{B46D8B38-B93C-40C8-A9F9-B15E2980ACD5}"
EndProject
Project("{9A19103F-16F7-4668-BE54-9A1E7A4F7556}") = "ECourse.Services.CourseAPI", "ECourse.Services.CourseAPI\ECourse.Services.CourseAPI.csproj", "{E541EDF0-350F-4C43-B649-F31A5A48C6DD}"
	ProjectSection(ProjectDependencies) = postProject
		{2F6CE9C9-D1AF-4214-9436-19AE451DFC16} = {2F6CE9C9-D1AF-4214-9436-19AE451DFC16}
	EndProjectSection
EndProject
Project("{9A19103F-16F7-4668-BE54-9A1E7A4F7556}") = "ECourse.Gateways.Frontend", "ECourse.Gateways.Frontend\ECourse.Gateways.Frontend.csproj", "{CE311B97-529E-411F-A7E8-112D2ED6DE25}"
EndProject
Project("{9A19103F-16F7-4668-BE54-9A1E7A4F7556}") = "ECourse.Gateways.AdminPanel", "ECourse.Gateways.AdminPanel\ECourse.Gateways.AdminPanel.csproj", "{37186CCE-2570-45B9-87CB-C2EAE9741B4B}"
EndProject
Project("{9A19103F-16F7-4668-BE54-9A1E7A4F7556}") = "Middleware", "ECourse.Middlewares.Middleware\Middleware.csproj", "{80A47CFB-7EE4-4134-AEA0-823F4954F5C9}"
EndProject
Project("{E53339B2-1760-4266-BCC7-CA923CBCF16C}") = "docker-compose", "docker-compose.dcproj", "{B64BF0D5-FABD-4E16-8D8F-05202BC63006}"
EndProject
Project("{9A19103F-16F7-4668-BE54-9A1E7A4F7556}") = "ECourse.Admin", "Ecourse.uis.Admin\ECourse.Admin.csproj", "{9B6033DB-C0B2-48EE-9166-CBCE92474800}"
EndProject
Project("{9A19103F-16F7-4668-BE54-9A1E7A4F7556}") = "ECourse.Services.CourseAPI.Tests", "..\Test\ECourse.Services.CourseAPI.Tests\ECourse.Services.CourseAPI.Tests.csproj", "{2DF31D77-6750-4AED-A7D8-E886CDCFE635}"
EndProject
Project("{FAE04EC0-301F-11D3-BF4B-00C04F79EFBC}") = "Infrastructure", "..\Infrastructure\Infrastructure.csproj", "{2F6CE9C9-D1AF-4214-9436-19AE451DFC16}"
EndProject
Global
	GlobalSection(SolutionConfigurationPlatforms) = preSolution
		Debug|Any CPU = Debug|Any CPU
		Release|Any CPU = Release|Any CPU
	EndGlobalSection
	GlobalSection(ProjectConfigurationPlatforms) = postSolution
		{E66AADCC-5C59-4417-A53B-94FDCADD6C79}.Debug|Any CPU.ActiveCfg = Debug|Any CPU
		{E66AADCC-5C59-4417-A53B-94FDCADD6C79}.Debug|Any CPU.Build.0 = Debug|Any CPU
		{E66AADCC-5C59-4417-A53B-94FDCADD6C79}.Release|Any CPU.ActiveCfg = Release|Any CPU
		{E66AADCC-5C59-4417-A53B-94FDCADD6C79}.Release|Any CPU.Build.0 = Release|Any CPU
		{0B74E97F-ED93-46B4-B31D-FCFFC73C8663}.Debug|Any CPU.ActiveCfg = Debug|Any CPU
		{0B74E97F-ED93-46B4-B31D-FCFFC73C8663}.Debug|Any CPU.Build.0 = Debug|Any CPU
		{0B74E97F-ED93-46B4-B31D-FCFFC73C8663}.Release|Any CPU.ActiveCfg = Release|Any CPU
		{0B74E97F-ED93-46B4-B31D-FCFFC73C8663}.Release|Any CPU.Build.0 = Release|Any CPU
		{B46D8B38-B93C-40C8-A9F9-B15E2980ACD5}.Debug|Any CPU.ActiveCfg = Debug|Any CPU
		{B46D8B38-B93C-40C8-A9F9-B15E2980ACD5}.Debug|Any CPU.Build.0 = Debug|Any CPU
		{B46D8B38-B93C-40C8-A9F9-B15E2980ACD5}.Release|Any CPU.ActiveCfg = Release|Any CPU
		{B46D8B38-B93C-40C8-A9F9-B15E2980ACD5}.Release|Any CPU.Build.0 = Release|Any CPU
		{E541EDF0-350F-4C43-B649-F31A5A48C6DD}.Debug|Any CPU.ActiveCfg = Debug|Any CPU
		{E541EDF0-350F-4C43-B649-F31A5A48C6DD}.Debug|Any CPU.Build.0 = Debug|Any CPU
		{E541EDF0-350F-4C43-B649-F31A5A48C6DD}.Release|Any CPU.ActiveCfg = Release|Any CPU
		{E541EDF0-350F-4C43-B649-F31A5A48C6DD}.Release|Any CPU.Build.0 = Release|Any CPU
		{CE311B97-529E-411F-A7E8-112D2ED6DE25}.Debug|Any CPU.ActiveCfg = Debug|Any CPU
		{CE311B97-529E-411F-A7E8-112D2ED6DE25}.Debug|Any CPU.Build.0 = Debug|Any CPU
		{CE311B97-529E-411F-A7E8-112D2ED6DE25}.Release|Any CPU.ActiveCfg = Release|Any CPU
		{CE311B97-529E-411F-A7E8-112D2ED6DE25}.Release|Any CPU.Build.0 = Release|Any CPU
		{37186CCE-2570-45B9-87CB-C2EAE9741B4B}.Debug|Any CPU.ActiveCfg = Debug|Any CPU
		{37186CCE-2570-45B9-87CB-C2EAE9741B4B}.Debug|Any CPU.Build.0 = Debug|Any CPU
		{37186CCE-2570-45B9-87CB-C2EAE9741B4B}.Release|Any CPU.ActiveCfg = Release|Any CPU
		{37186CCE-2570-45B9-87CB-C2EAE9741B4B}.Release|Any CPU.Build.0 = Release|Any CPU
		{80A47CFB-7EE4-4134-AEA0-823F4954F5C9}.Debug|Any CPU.ActiveCfg = Debug|Any CPU
		{80A47CFB-7EE4-4134-AEA0-823F4954F5C9}.Debug|Any CPU.Build.0 = Debug|Any CPU
		{80A47CFB-7EE4-4134-AEA0-823F4954F5C9}.Release|Any CPU.ActiveCfg = Release|Any CPU
		{80A47CFB-7EE4-4134-AEA0-823F4954F5C9}.Release|Any CPU.Build.0 = Release|Any CPU
		{B64BF0D5-FABD-4E16-8D8F-05202BC63006}.Debug|Any CPU.ActiveCfg = Debug|Any CPU
		{B64BF0D5-FABD-4E16-8D8F-05202BC63006}.Debug|Any CPU.Build.0 = Debug|Any CPU
		{B64BF0D5-FABD-4E16-8D8F-05202BC63006}.Release|Any CPU.ActiveCfg = Release|Any CPU
		{B64BF0D5-FABD-4E16-8D8F-05202BC63006}.Release|Any CPU.Build.0 = Release|Any CPU
		{9B6033DB-C0B2-48EE-9166-CBCE92474800}.Debug|Any CPU.ActiveCfg = Debug|Any CPU
		{9B6033DB-C0B2-48EE-9166-CBCE92474800}.Debug|Any CPU.Build.0 = Debug|Any CPU
		{9B6033DB-C0B2-48EE-9166-CBCE92474800}.Release|Any CPU.ActiveCfg = Release|Any CPU
		{9B6033DB-C0B2-48EE-9166-CBCE92474800}.Release|Any CPU.Build.0 = Release|Any CPU
		{2DF31D77-6750-4AED-A7D8-E886CDCFE635}.Debug|Any CPU.ActiveCfg = Debug|Any CPU
		{2DF31D77-6750-4AED-A7D8-E886CDCFE635}.Debug|Any CPU.Build.0 = Debug|Any CPU
		{2DF31D77-6750-4AED-A7D8-E886CDCFE635}.Release|Any CPU.ActiveCfg = Release|Any CPU
		{2DF31D77-6750-4AED-A7D8-E886CDCFE635}.Release|Any CPU.Build.0 = Release|Any CPU
		{2F6CE9C9-D1AF-4214-9436-19AE451DFC16}.Debug|Any CPU.ActiveCfg = Debug|Any CPU
		{2F6CE9C9-D1AF-4214-9436-19AE451DFC16}.Debug|Any CPU.Build.0 = Debug|Any CPU
		{2F6CE9C9-D1AF-4214-9436-19AE451DFC16}.Release|Any CPU.ActiveCfg = Release|Any CPU
		{2F6CE9C9-D1AF-4214-9436-19AE451DFC16}.Release|Any CPU.Build.0 = Release|Any CPU
	EndGlobalSection
	GlobalSection(SolutionProperties) = preSolution
		HideSolutionNode = FALSE
	EndGlobalSection
	GlobalSection(NestedProjects) = preSolution
		{E69F9CEE-AB3D-4AD5-8CBD-349C02C8FB65} = {7A66FF78-025E-4439-AC2D-C188CF018DC7}
		{380F6138-4E86-4447-8CCF-1E9D2CF76FE3} = {7A66FF78-025E-4439-AC2D-C188CF018DC7}
		{C75C56FA-3945-4C4A-B134-7D21AB1B7DAD} = {7A66FF78-025E-4439-AC2D-C188CF018DC7}
		{C413BE56-A48B-4BBD-BD2A-2F6F3245ECD2} = {7A66FF78-025E-4439-AC2D-C188CF018DC7}
		{E66AADCC-5C59-4417-A53B-94FDCADD6C79} = {380F6138-4E86-4447-8CCF-1E9D2CF76FE3}
		{0B74E97F-ED93-46B4-B31D-FCFFC73C8663} = {380F6138-4E86-4447-8CCF-1E9D2CF76FE3}
		{B46D8B38-B93C-40C8-A9F9-B15E2980ACD5} = {380F6138-4E86-4447-8CCF-1E9D2CF76FE3}
		{E541EDF0-350F-4C43-B649-F31A5A48C6DD} = {380F6138-4E86-4447-8CCF-1E9D2CF76FE3}
		{CE311B97-529E-411F-A7E8-112D2ED6DE25} = {E69F9CEE-AB3D-4AD5-8CBD-349C02C8FB65}
		{37186CCE-2570-45B9-87CB-C2EAE9741B4B} = {E69F9CEE-AB3D-4AD5-8CBD-349C02C8FB65}
		{80A47CFB-7EE4-4134-AEA0-823F4954F5C9} = {C75C56FA-3945-4C4A-B134-7D21AB1B7DAD}
		{9B6033DB-C0B2-48EE-9166-CBCE92474800} = {C413BE56-A48B-4BBD-BD2A-2F6F3245ECD2}
		{2DF31D77-6750-4AED-A7D8-E886CDCFE635} = {EE825A7B-45C4-480A-A6AC-8536F6B02AD1}
		{2F6CE9C9-D1AF-4214-9436-19AE451DFC16} = {3BCA2858-BF59-4862-B3BA-9D9E7F162F18}
	EndGlobalSection
	GlobalSection(ExtensibilityGlobals) = postSolution
		SolutionGuid = {4D60EC64-0F4F-460A-939D-95BE6E47E38F}
	EndGlobalSection
EndGlobal
